
Microsoft Visual Studio Solution File, Format Version 12.00
# Visual Studio Version 16
VisualStudioVersion = 16.0.30225.117
MinimumVisualStudioVersion = 10.0.40219.1
Project("{F184B08F-C81C-45F6-A57F-5ABD9991F28F}") = "Stock Control Management", "Stock Control Management.vbproj", "{854FD619-418D-4728-B9F6-2A7CDF9D9303}"
EndProject
Project("{54435603-DBB4-11D2-8724-00A0C9A8B90C}") = "Setup", "..\Setup\Setup.vdproj", "{FCC2C12B-B4ED-4B0B-9B9B-B15099211172}"
EndProject
Project("{54435603-DBB4-11D2-8724-00A0C9A8B90C}") = "Setup1", "..\Setup1\Setup1.vdproj", "{56FE44D6-13F5-4B5C-9330-633AC9C64AEE}"
EndProject
Global
	GlobalSection(SolutionConfigurationPlatforms) = preSolution
		Debug|Any CPU = Debug|Any CPU
		Release|Any CPU = Release|Any CPU
	EndGlobalSection
	GlobalSection(ProjectConfigurationPlatforms) = postSolution
		{854FD619-418D-4728-B9F6-2A7CDF9D9303}.Debug|Any CPU.ActiveCfg = Debug|Any CPU
		{854FD619-418D-4728-B9F6-2A7CDF9D9303}.Debug|Any CPU.Build.0 = Debug|Any CPU
		{854FD619-418D-4728-B9F6-2A7CDF9D9303}.Release|Any CPU.ActiveCfg = Release|Any CPU
		{854FD619-418D-4728-B9F6-2A7CDF9D9303}.Release|Any CPU.Build.0 = Release|Any CPU
		{FCC2C12B-B4ED-4B0B-9B9B-B15099211172}.Debug|Any CPU.ActiveCfg = Debug
		{FCC2C12B-B4ED-4B0B-9B9B-B15099211172}.Release|Any CPU.ActiveCfg = Release
		{56FE44D6-13F5-4B5C-9330-633AC9C64AEE}.Debug|Any CPU.ActiveCfg = Debug
		{56FE44D6-13F5-4B5C-9330-633AC9C64AEE}.Release|Any CPU.ActiveCfg = Release
	EndGlobalSection
	GlobalSection(SolutionProperties) = preSolution
		HideSolutionNode = FALSE
	EndGlobalSection
	GlobalSection(ExtensibilityGlobals) = postSolution
		SolutionGuid = {753C0D76-8100-40FC-A8DD-4C6127D24145}
	EndGlobalSection
EndGlobal
